// !$*UTF8*$!
{
	archiveVersion = 1;
	classes = {
	};
	objectVersion = 56;
	objects = {

/* Begin PBXBuildFile section */
		3B9D063D2BE0E9A100220806 /* LoginViewModel.swift in Sources */ = {isa = PBXBuildFile; fileRef = 3B9D063C2BE0E9A100220806 /* LoginViewModel.swift */; };
		3B9D06402BE0E9F000220806 /* UserModel.swift in Sources */ = {isa = PBXBuildFile; fileRef = 3B9D063F2BE0E9F000220806 /* UserModel.swift */; };
		3B9D06432BE0F0BE00220806 /* MainViewController.swift in Sources */ = {isa = PBXBuildFile; fileRef = 3B9D06422BE0F0BE00220806 /* MainViewController.swift */; };
		3BC966A62BE008A30086AC3B /* AppDelegate.swift in Sources */ = {isa = PBXBuildFile; fileRef = 3BC966A52BE008A30086AC3B /* AppDelegate.swift */; };
		3BC966A82BE008A30086AC3B /* SceneDelegate.swift in Sources */ = {isa = PBXBuildFile; fileRef = 3BC966A72BE008A30086AC3B /* SceneDelegate.swift */; };
		3BC966AF2BE008A40086AC3B /* Assets.xcassets in Resources */ = {isa = PBXBuildFile; fileRef = 3BC966AE2BE008A40086AC3B /* Assets.xcassets */; };
		3BC966B22BE008A40086AC3B /* Base in Resources */ = {isa = PBXBuildFile; fileRef = 3BC966B12BE008A40086AC3B /* Base */; };
		3BC966BA2BE009CB0086AC3B /* LoginViewController.swift in Sources */ = {isa = PBXBuildFile; fileRef = 3BC966B92BE009CB0086AC3B /* LoginViewController.swift */; };
		3BC966BC2BE00C840086AC3B /* LoginView.swift in Sources */ = {isa = PBXBuildFile; fileRef = 3BC966BB2BE00C840086AC3B /* LoginView.swift */; };
/* End PBXBuildFile section */

/* Begin PBXFileReference section */
		3B9D063C2BE0E9A100220806 /* LoginViewModel.swift */ = {isa = PBXFileReference; lastKnownFileType = sourcecode.swift; path = LoginViewModel.swift; sourceTree = "<group>"; };
		3B9D063F2BE0E9F000220806 /* UserModel.swift */ = {isa = PBXFileReference; lastKnownFileType = sourcecode.swift; path = UserModel.swift; sourceTree = "<group>"; };
		3B9D06422BE0F0BE00220806 /* MainViewController.swift */ = {isa = PBXFileReference; lastKnownFileType = sourcecode.swift; path = MainViewController.swift; sourceTree = "<group>"; };
		3BC966A22BE008A30086AC3B /* PatternsTest.app */ = {isa = PBXFileReference; explicitFileType = wrapper.application; includeInIndex = 0; path = PatternsTest.app; sourceTree = BUILT_PRODUCTS_DIR; };
		3BC966A52BE008A30086AC3B /* AppDelegate.swift */ = {isa = PBXFileReference; lastKnownFileType = sourcecode.swift; path = AppDelegate.swift; sourceTree = "<group>"; };
		3BC966A72BE008A30086AC3B /* SceneDelegate.swift */ = {isa = PBXFileReference; lastKnownFileType = sourcecode.swift; path = SceneDelegate.swift; sourceTree = "<group>"; };
		3BC966AE2BE008A40086AC3B /* Assets.xcassets */ = {isa = PBXFileReference; lastKnownFileType = folder.assetcatalog; path = Assets.xcassets; sourceTree = "<group>"; };
		3BC966B12BE008A40086AC3B /* Base */ = {isa = PBXFileReference; lastKnownFileType = file.storyboard; name = Base; path = Base.lproj/LaunchScreen.storyboard; sourceTree = "<group>"; };
		3BC966B32BE008A40086AC3B /* Info.plist */ = {isa = PBXFileReference; lastKnownFileType = text.plist.xml; path = Info.plist; sourceTree = "<group>"; };
		3BC966B92BE009CB0086AC3B /* LoginViewController.swift */ = {isa = PBXFileReference; lastKnownFileType = sourcecode.swift; path = LoginViewController.swift; sourceTree = "<group>"; };
		3BC966BB2BE00C840086AC3B /* LoginView.swift */ = {isa = PBXFileReference; lastKnownFileType = sourcecode.swift; path = LoginView.swift; sourceTree = "<group>"; };
/* End PBXFileReference section */

/* Begin PBXFrameworksBuildPhase section */
		3BC9669F2BE008A30086AC3B /* Frameworks */ = {
			isa = PBXFrameworksBuildPhase;
			buildActionMask = 2147483647;
			files = (
			);
			runOnlyForDeploymentPostprocessing = 0;
		};
/* End PBXFrameworksBuildPhase section */

/* Begin PBXGroup section */
		3B9D063E2BE0E9C600220806 /* MVVM */ = {
			isa = PBXGroup;
			children = (
				3B9D06412BE0F09700220806 /* LoginScreen */,
			);
			path = MVVM;
			sourceTree = "<group>";
		};
		3B9D06412BE0F09700220806 /* LoginScreen */ = {
			isa = PBXGroup;
			children = (
				3BC966BB2BE00C840086AC3B /* LoginView.swift */,
				3BC966B92BE009CB0086AC3B /* LoginViewController.swift */,
				3B9D063C2BE0E9A100220806 /* LoginViewModel.swift */,
			);
			path = LoginScreen;
			sourceTree = "<group>";
		};
		3BC966992BE008A30086AC3B = {
			isa = PBXGroup;
			children = (
				3BC966A42BE008A30086AC3B /* PatternsTest */,
				3BC966A32BE008A30086AC3B /* Products */,
			);
			sourceTree = "<group>";
		};
		3BC966A32BE008A30086AC3B /* Products */ = {
			isa = PBXGroup;
			children = (
				3BC966A22BE008A30086AC3B /* PatternsTest.app */,
			);
			name = Products;
			sourceTree = "<group>";
		};
		3BC966A42BE008A30086AC3B /* PatternsTest */ = {
			isa = PBXGroup;
			children = (
				3BC966A52BE008A30086AC3B /* AppDelegate.swift */,
				3BC966A72BE008A30086AC3B /* SceneDelegate.swift */,
				3B9D063F2BE0E9F000220806 /* UserModel.swift */,
				3B9D06422BE0F0BE00220806 /* MainViewController.swift */,
				3B9D063E2BE0E9C600220806 /* MVVM */,
				3BC966AE2BE008A40086AC3B /* Assets.xcassets */,
				3BC966B02BE008A40086AC3B /* LaunchScreen.storyboard */,
				3BC966B32BE008A40086AC3B /* Info.plist */,
			);
			path = PatternsTest;
			sourceTree = "<group>";
		};
/* End PBXGroup section */

/* Begin PBXNativeTarget section */
		3BC966A12BE008A30086AC3B /* PatternsTest */ = {
			isa = PBXNativeTarget;
			buildConfigurationList = 3BC966B62BE008A40086AC3B /* Build configuration list for PBXNativeTarget "PatternsTest" */;
			buildPhases = (
				3BC9669E2BE008A30086AC3B /* Sources */,
				3BC9669F2BE008A30086AC3B /* Frameworks */,
				3BC966A02BE008A30086AC3B /* Resources */,
			);
			buildRules = (
			);
			dependencies = (
			);
			name = PatternsTest;
			productName = PatternsTest;
			productReference = 3BC966A22BE008A30086AC3B /* PatternsTest.app */;
			productType = "com.apple.product-type.application";
		};
/* End PBXNativeTarget section */

/* Begin PBXProject section */
		3BC9669A2BE008A30086AC3B /* Project object */ = {
			isa = PBXProject;
			attributes = {
				BuildIndependentTargetsInParallel = 1;
				LastSwiftUpdateCheck = 1530;
				LastUpgradeCheck = 1530;
				TargetAttributes = {
					3BC966A12BE008A30086AC3B = {
						CreatedOnToolsVersion = 15.3;
					};
				};
			};
			buildConfigurationList = 3BC9669D2BE008A30086AC3B /* Build configuration list for PBXProject "PatternsTest" */;
			compatibilityVersion = "Xcode 14.0";
			developmentRegion = en;
			hasScannedForEncodings = 0;
			knownRegions = (
				en,
				Base,
			);
			mainGroup = 3BC966992BE008A30086AC3B;
			productRefGroup = 3BC966A32BE008A30086AC3B /* Products */;
			projectDirPath = "";
			projectRoot = "";
			targets = (
				3BC966A12BE008A30086AC3B /* PatternsTest */,
			);
		};
/* End PBXProject section */

/* Begin PBXResourcesBuildPhase section */
		3BC966A02BE008A30086AC3B /* Resources */ = {
			isa = PBXResourcesBuildPhase;
			buildActionMask = 2147483647;
			files = (
				3BC966AF2BE008A40086AC3B /* Assets.xcassets in Resources */,
				3BC966B22BE008A40086AC3B /* Base in Resources */,
			);
			runOnlyForDeploymentPostprocessing = 0;
		};
/* End PBXResourcesBuildPhase section */

/* Begin PBXSourcesBuildPhase section */
		3BC9669E2BE008A30086AC3B /* Sources */ = {
			isa = PBXSourcesBuildPhase;
			buildActionMask = 2147483647;
			files = (
				3B9D06432BE0F0BE00220806 /* MainViewController.swift in Sources */,
				3BC966BA2BE009CB0086AC3B /* LoginViewController.swift in Sources */,
				3BC966A62BE008A30086AC3B /* AppDelegate.swift in Sources */,
				3BC966BC2BE00C840086AC3B /* LoginView.swift in Sources */,
				3B9D063D2BE0E9A100220806 /* LoginViewModel.swift in Sources */,
				3B9D06402BE0E9F000220806 /* UserModel.swift in Sources */,
				3BC966A82BE008A30086AC3B /* SceneDelegate.swift in Sources */,
			);
			runOnlyForDeploymentPostprocessing = 0;
		};
/* End PBXSourcesBuildPhase section */

/* Begin PBXVariantGroup section */
		3BC966B02BE008A40086AC3B /* LaunchScreen.storyboard */ = {
			isa = PBXVariantGroup;
			children = (
				3BC966B12BE008A40086AC3B /* Base */,
			);
			name = LaunchScreen.storyboard;
			sourceTree = "<group>";
		};
/* End PBXVariantGroup section */

/* Begin XCBuildConfiguration section */
		3BC966B42BE008A40086AC3B /* Debug */ = {
			isa = XCBuildConfiguration;
			buildSettings = {
				ALWAYS_SEARCH_USER_PATHS = NO;
				ASSETCATALOG_COMPILER_GENERATE_SWIFT_ASSET_SYMBOL_EXTENSIONS = YES;
				CLANG_ANALYZER_NONNULL = YES;
				CLANG_ANALYZER_NUMBER_OBJECT_CONVERSION = YES_AGGRESSIVE;
				CLANG_CXX_LANGUAGE_STANDARD = "gnu++20";
				CLANG_ENABLE_MODULES = YES;
				CLANG_ENABLE_OBJC_ARC = YES;
				CLANG_ENABLE_OBJC_WEAK = YES;
				CLANG_WARN_BLOCK_CAPTURE_AUTORELEASING = YES;
				CLANG_WARN_BOOL_CONVERSION = YES;
				CLANG_WARN_COMMA = YES;
				CLANG_WARN_CONSTANT_CONVERSION = YES;
				CLANG_WARN_DEPRECATED_OBJC_IMPLEMENTATIONS = YES;
				CLANG_WARN_DIRECT_OBJC_ISA_USAGE = YES_ERROR;
				CLANG_WARN_DOCUMENTATION_COMMENTS = YES;
				CLANG_WARN_EMPTY_BODY = YES;
				CLANG_WARN_ENUM_CONVERSION = YES;
				CLANG_WARN_INFINITE_RECURSION = YES;
				CLANG_WARN_INT_CONVERSION = YES;
				CLANG_WARN_NON_LITERAL_NULL_CONVERSION = YES;
				CLANG_WARN_OBJC_IMPLICIT_RETAIN_SELF = YES;
				CLANG_WARN_OBJC_LITERAL_CONVERSION = YES;
				CLANG_WARN_OBJC_ROOT_CLASS = YES_ERROR;
				CLANG_WARN_QUOTED_INCLUDE_IN_FRAMEWORK_HEADER = YES;
				CLANG_WARN_RANGE_LOOP_ANALYSIS = YES;
				CLANG_WARN_STRICT_PROTOTYPES = YES;
				CLANG_WARN_SUSPICIOUS_MOVE = YES;
				CLANG_WARN_UNGUARDED_AVAILABILITY = YES_AGGRESSIVE;
				CLANG_WARN_UNREACHABLE_CODE = YES;
				CLANG_WARN__DUPLICATE_METHOD_MATCH = YES;
				COPY_PHASE_STRIP = NO;
				DEBUG_INFORMATION_FORMAT = dwarf;
				ENABLE_STRICT_OBJC_MSGSEND = YES;
				ENABLE_TESTABILITY = YES;
				ENABLE_USER_SCRIPT_SANDBOXING = YES;
				GCC_C_LANGUAGE_STANDARD = gnu17;
				GCC_DYNAMIC_NO_PIC = NO;
				GCC_NO_COMMON_BLOCKS = YES;
				GCC_OPTIMIZATION_LEVEL = 0;
				GCC_PREPROCESSOR_DEFINITIONS = (
					"DEBUG=1",
					"$(inherited)",
				);
				GCC_WARN_64_TO_32_BIT_CONVERSION = YES;
				GCC_WARN_ABOUT_RETURN_TYPE = YES_ERROR;
				GCC_WARN_UNDECLARED_SELECTOR = YES;
				GCC_WARN_UNINITIALIZED_AUTOS = YES_AGGRESSIVE;
				GCC_WARN_UNUSED_FUNCTION = YES;
				GCC_WARN_UNUSED_VARIABLE = YES;
				IPHONEOS_DEPLOYMENT_TARGET = 17.4;
				LOCALIZATION_PREFERS_STRING_CATALOGS = YES;
				MTL_ENABLE_DEBUG_INFO = INCLUDE_SOURCE;
				MTL_FAST_MATH = YES;
				ONLY_ACTIVE_ARCH = YES;
				SDKROOT = iphoneos;
				SWIFT_ACTIVE_COMPILATION_CONDITIONS = "DEBUG $(inherited)";
				SWIFT_OPTIMIZATION_LEVEL = "-Onone";
			};
			name = Debug;
		};
		3BC966B52BE008A40086AC3B /* Release */ = {
			isa = XCBuildConfiguration;
			buildSettings = {
				ALWAYS_SEARCH_USER_PATHS = NO;
				ASSETCATALOG_COMPILER_GENERATE_SWIFT_ASSET_SYMBOL_EXTENSIONS = YES;
				CLANG_ANALYZER_NONNULL = YES;
				CLANG_ANALYZER_NUMBER_OBJECT_CONVERSION = YES_AGGRESSIVE;
				CLANG_CXX_LANGUAGE_STANDARD = "gnu++20";
				CLANG_ENABLE_MODULES = YES;
				CLANG_ENABLE_OBJC_ARC = YES;
				CLANG_ENABLE_OBJC_WEAK = YES;
				CLANG_WARN_BLOCK_CAPTURE_AUTORELEASING = YES;
				CLANG_WARN_BOOL_CONVERSION = YES;
				CLANG_WARN_COMMA = YES;
				CLANG_WARN_CONSTANT_CONVERSION = YES;
				CLANG_WARN_DEPRECATED_OBJC_IMPLEMENTATIONS = YES;
				CLANG_WARN_DIRECT_OBJC_ISA_USAGE = YES_ERROR;
				CLANG_WARN_DOCUMENTATION_COMMENTS = YES;
				CLANG_WARN_EMPTY_BODY = YES;
				CLANG_WARN_ENUM_CONVERSION = YES;
				CLANG_WARN_INFINITE_RECURSION = YES;
				CLANG_WARN_INT_CONVERSION = YES;
				CLANG_WARN_NON_LITERAL_NULL_CONVERSION = YES;
				CLANG_WARN_OBJC_IMPLICIT_RETAIN_SELF = YES;
				CLANG_WARN_OBJC_LITERAL_CONVERSION = YES;
				CLANG_WARN_OBJC_ROOT_CLASS = YES_ERROR;
				CLANG_WARN_QUOTED_INCLUDE_IN_FRAMEWORK_HEADER = YES;
				CLANG_WARN_RANGE_LOOP_ANALYSIS = YES;
				CLANG_WARN_STRICT_PROTOTYPES = YES;
				CLANG_WARN_SUSPICIOUS_MOVE = YES;
				CLANG_WARN_UNGUARDED_AVAILABILITY = YES_AGGRESSIVE;
				CLANG_WARN_UNREACHABLE_CODE = YES;
				CLANG_WARN__DUPLICATE_METHOD_MATCH = YES;
				COPY_PHASE_STRIP = NO;
				DEBUG_INFORMATION_FORMAT = "dwarf-with-dsym";
				ENABLE_NS_ASSERTIONS = NO;
				ENABLE_STRICT_OBJC_MSGSEND = YES;
				ENABLE_USER_SCRIPT_SANDBOXING = YES;
				GCC_C_LANGUAGE_STANDARD = gnu17;
				GCC_NO_COMMON_BLOCKS = YES;
				GCC_WARN_64_TO_32_BIT_CONVERSION = YES;
				GCC_WARN_ABOUT_RETURN_TYPE = YES_ERROR;
				GCC_WARN_UNDECLARED_SELECTOR = YES;
				GCC_WARN_UNINITIALIZED_AUTOS = YES_AGGRESSIVE;
				GCC_WARN_UNUSED_FUNCTION = YES;
				GCC_WARN_UNUSED_VARIABLE = YES;
				IPHONEOS_DEPLOYMENT_TARGET = 17.4;
				LOCALIZATION_PREFERS_STRING_CATALOGS = YES;
				MTL_ENABLE_DEBUG_INFO = NO;
				MTL_FAST_MATH = YES;
				SDKROOT = iphoneos;
				SWIFT_COMPILATION_MODE = wholemodule;
				VALIDATE_PRODUCT = YES;
			};
			name = Release;
		};
		3BC966B72BE008A40086AC3B /* Debug */ = {
			isa = XCBuildConfiguration;
			buildSettings = {
				ASSETCATALOG_COMPILER_APPICON_NAME = AppIcon;
				ASSETCATALOG_COMPILER_GLOBAL_ACCENT_COLOR_NAME = AccentColor;
				CODE_SIGN_STYLE = Automatic;
				CURRENT_PROJECT_VERSION = 1;
				DEVELOPMENT_TEAM = R9MAM5678Z;
				GENERATE_INFOPLIST_FILE = YES;
				INFOPLIST_FILE = PatternsTest/Info.plist;
				INFOPLIST_KEY_UIApplicationSupportsIndirectInputEvents = YES;
				INFOPLIST_KEY_UILaunchStoryboardName = LaunchScreen;
				INFOPLIST_KEY_UISupportedInterfaceOrientations_iPad = "UIInterfaceOrientationPortrait UIInterfaceOrientationPortraitUpsideDown UIInterfaceOrientationLandscapeLeft UIInterfaceOrientationLandscapeRight";
				INFOPLIST_KEY_UISupportedInterfaceOrientations_iPhone = "UIInterfaceOrientationPortrait UIInterfaceOrientationLandscapeLeft UIInterfaceOrientationLandscapeRight";
				LD_RUNPATH_SEARCH_PATHS = (
					"$(inherited)",
					"@executable_path/Frameworks",
				);
				MARKETING_VERSION = 1.0;
				PRODUCT_BUNDLE_IDENTIFIER = test.PatternsTest;
				PRODUCT_NAME = "$(TARGET_NAME)";
				SWIFT_EMIT_LOC_STRINGS = YES;
				SWIFT_VERSION = 5.0;
				TARGETED_DEVICE_FAMILY = "1,2";
			};
			name = Debug;
		};
		3BC966B82BE008A40086AC3B /* Release */ = {
			isa = XCBuildConfiguration;
			buildSettings = {
				ASSETCATALOG_COMPILER_APPICON_NAME = AppIcon;
				ASSETCATALOG_COMPILER_GLOBAL_ACCENT_COLOR_NAME = AccentColor;
				CODE_SIGN_STYLE = Automatic;
				CURRENT_PROJECT_VERSION = 1;
				DEVELOPMENT_TEAM = R9MAM5678Z;
				GENERATE_INFOPLIST_FILE = YES;
				INFOPLIST_FILE = PatternsTest/Info.plist;
				INFOPLIST_KEY_UIApplicationSupportsIndirectInputEvents = YES;
				INFOPLIST_KEY_UILaunchStoryboardName = LaunchScreen;
				INFOPLIST_KEY_UISupportedInterfaceOrientations_iPad = "UIInterfaceOrientationPortrait UIInterfaceOrientationPortraitUpsideDown UIInterfaceOrientationLandscapeLeft UIInterfaceOrientationLandscapeRight";
				INFOPLIST_KEY_UISupportedInterfaceOrientations_iPhone = "UIInterfaceOrientationPortrait UIInterfaceOrientationLandscapeLeft UIInterfaceOrientationLandscapeRight";
				LD_RUNPATH_SEARCH_PATHS = (
					"$(inherited)",
					"@executable_path/Frameworks",
				);
				MARKETING_VERSION = 1.0;
				PRODUCT_BUNDLE_IDENTIFIER = test.PatternsTest;
				PRODUCT_NAME = "$(TARGET_NAME)";
				SWIFT_EMIT_LOC_STRINGS = YES;
				SWIFT_VERSION = 5.0;
				TARGETED_DEVICE_FAMILY = "1,2";
			};
			name = Release;
		};
/* End XCBuildConfiguration section */

/* Begin XCConfigurationList section */
		3BC9669D2BE008A30086AC3B /* Build configuration list for PBXProject "PatternsTest" */ = {
			isa = XCConfigurationList;
			buildConfigurations = (
				3BC966B42BE008A40086AC3B /* Debug */,
				3BC966B52BE008A40086AC3B /* Release */,
			);
			defaultConfigurationIsVisible = 0;
			defaultConfigurationName = Release;
		};
		3BC966B62BE008A40086AC3B /* Build configuration list for PBXNativeTarget "PatternsTest" */ = {
			isa = XCConfigurationList;
			buildConfigurations = (
				3BC966B72BE008A40086AC3B /* Debug */,
				3BC966B82BE008A40086AC3B /* Release */,
			);
			defaultConfigurationIsVisible = 0;
			defaultConfigurationName = Release;
		};
/* End XCConfigurationList section */
	};
	rootObject = 3BC9669A2BE008A30086AC3B /* Project object */;
}
